
Microsoft Visual Studio Solution File, Format Version 12.00
# Visual Studio Version 16
VisualStudioVersion = 16.0.31313.79
MinimumVisualStudioVersion = 10.0.40219.1
Project("{FAE04EC0-301F-11D3-BF4B-00C04F79EFBC}") = "XamarinThemes.UWP", "XamarinThemes\XamarinThemes.UWP\XamarinThemes.UWP.csproj", "{42A9297F-A709-447A-A92A-7DBF6A3465EB}"
EndProject
Project("{FAE04EC0-301F-11D3-BF4B-00C04F79EFBC}") = "XamarinThemes.Android", "XamarinThemes\XamarinThemes.Android\XamarinThemes.Android.csproj", "{4EEAD0F7-67DA-4192-9FDB-2A3B06CA5856}"
EndProject
Project("{FAE04EC0-301F-11D3-BF4B-00C04F79EFBC}") = "XamarinThemes.iOS", "XamarinThemes\XamarinThemes.iOS\XamarinThemes.iOS.csproj", "{8F960B20-9204-48B6-9703-567281F35380}"
EndProject
Project("{FAE04EC0-301F-11D3-BF4B-00C04F79EFBC}") = "XamarinThemes", "XamarinThemes\XamarinThemes\XamarinThemes.csproj", "{431354A8-00C6-4EF2-992B-355047BC7F19}"
EndProject
Global
	GlobalSection(SolutionConfigurationPlatforms) = preSolution
		Debug|Any CPU = Debug|Any CPU
		Debug|ARM = Debug|ARM
		Debug|iPhone = Debug|iPhone
		Debug|iPhoneSimulator = Debug|iPhoneSimulator
		Debug|x64 = Debug|x64
		Debug|x86 = Debug|x86
		Release|Any CPU = Release|Any CPU
		Release|ARM = Release|ARM
		Release|iPhone = Release|iPhone
		Release|iPhoneSimulator = Release|iPhoneSimulator
		Release|x64 = Release|x64
		Release|x86 = Release|x86
	EndGlobalSection
	GlobalSection(ProjectConfigurationPlatforms) = postSolution
		{42A9297F-A709-447A-A92A-7DBF6A3465EB}.Debug|Any CPU.ActiveCfg = Debug|x86
		{42A9297F-A709-447A-A92A-7DBF6A3465EB}.Debug|Any CPU.Build.0 = Debug|x86
		{42A9297F-A709-447A-A92A-7DBF6A3465EB}.Debug|Any CPU.Deploy.0 = Debug|x86
		{42A9297F-A709-447A-A92A-7DBF6A3465EB}.Debug|ARM.ActiveCfg = Debug|ARM
		{42A9297F-A709-447A-A92A-7DBF6A3465EB}.Debug|ARM.Build.0 = Debug|ARM
		{42A9297F-A709-447A-A92A-7DBF6A3465EB}.Debug|ARM.Deploy.0 = Debug|ARM
		{42A9297F-A709-447A-A92A-7DBF6A3465EB}.Debug|iPhone.ActiveCfg = Debug|x86
		{42A9297F-A709-447A-A92A-7DBF6A3465EB}.Debug|iPhone.Build.0 = Debug|x86
		{42A9297F-A709-447A-A92A-7DBF6A3465EB}.Debug|iPhone.Deploy.0 = Debug|x86
		{42A9297F-A709-447A-A92A-7DBF6A3465EB}.Debug|iPhoneSimulator.ActiveCfg = Debug|x86
		{42A9297F-A709-447A-A92A-7DBF6A3465EB}.Debug|iPhoneSimulator.Build.0 = Debug|x86
		{42A9297F-A709-447A-A92A-7DBF6A3465EB}.Debug|iPhoneSimulator.Deploy.0 = Debug|x86
		{42A9297F-A709-447A-A92A-7DBF6A3465EB}.Debug|x64.ActiveCfg = Debug|x64
		{42A9297F-A709-447A-A92A-7DBF6A3465EB}.Debug|x64.Build.0 = Debug|x64
		{42A9297F-A709-447A-A92A-7DBF6A3465EB}.Debug|x64.Deploy.0 = Debug|x64
		{42A9297F-A709-447A-A92A-7DBF6A3465EB}.Debug|x86.ActiveCfg = Debug|x86
		{42A9297F-A709-447A-A92A-7DBF6A3465EB}.Debug|x86.Build.0 = Debug|x86
		{42A9297F-A709-447A-A92A-7DBF6A3465EB}.Debug|x86.Deploy.0 = Debug|x86
		{42A9297F-A709-447A-A92A-7DBF6A3465EB}.Release|Any CPU.ActiveCfg = Release|x86
		{42A9297F-A709-447A-A92A-7DBF6A3465EB}.Release|Any CPU.Build.0 = Release|x86
		{42A9297F-A709-447A-A92A-7DBF6A3465EB}.Release|Any CPU.Deploy.0 = Release|x86
		{42A9297F-A709-447A-A92A-7DBF6A3465EB}.Release|ARM.ActiveCfg = Release|ARM
		{42A9297F-A709-447A-A92A-7DBF6A3465EB}.Release|ARM.Build.0 = Release|ARM
		{42A9297F-A709-447A-A92A-7DBF6A3465EB}.Release|ARM.Deploy.0 = Release|ARM
		{42A9297F-A709-447A-A92A-7DBF6A3465EB}.Release|iPhone.ActiveCfg = Release|x86
		{42A9297F-A709-447A-A92A-7DBF6A3465EB}.Release|iPhone.Build.0 = Release|x86
		{42A9297F-A709-447A-A92A-7DBF6A3465EB}.Release|iPhone.Deploy.0 = Release|x86
		{42A9297F-A709-447A-A92A-7DBF6A3465EB}.Release|iPhoneSimulator.ActiveCfg = Release|x86
		{42A9297F-A709-447A-A92A-7DBF6A3465EB}.Release|iPhoneSimulator.Build.0 = Release|x86
		{42A9297F-A709-447A-A92A-7DBF6A3465EB}.Release|iPhoneSimulator.Deploy.0 = Release|x86
		{42A9297F-A709-447A-A92A-7DBF6A3465EB}.Release|x64.ActiveCfg = Release|x64
		{42A9297F-A709-447A-A92A-7DBF6A3465EB}.Release|x64.Build.0 = Release|x64
		{42A9297F-A709-447A-A92A-7DBF6A3465EB}.Release|x64.Deploy.0 = Release|x64
		{42A9297F-A709-447A-A92A-7DBF6A3465EB}.Release|x86.ActiveCfg = Release|x86
		{42A9297F-A709-447A-A92A-7DBF6A3465EB}.Release|x86.Build.0 = Release|x86
		{42A9297F-A709-447A-A92A-7DBF6A3465EB}.Release|x86.Deploy.0 = Release|x86
		{4EEAD0F7-67DA-4192-9FDB-2A3B06CA5856}.Debug|Any CPU.ActiveCfg = Debug|Any CPU
		{4EEAD0F7-67DA-4192-9FDB-2A3B06CA5856}.Debug|Any CPU.Build.0 = Debug|Any CPU
		{4EEAD0F7-67DA-4192-9FDB-2A3B06CA5856}.Debug|Any CPU.Deploy.0 = Debug|Any CPU
		{4EEAD0F7-67DA-4192-9FDB-2A3B06CA5856}.Debug|ARM.ActiveCfg = Debug|Any CPU
		{4EEAD0F7-67DA-4192-9FDB-2A3B06CA5856}.Debug|ARM.Build.0 = Debug|Any CPU
		{4EEAD0F7-67DA-4192-9FDB-2A3B06CA5856}.Debug|ARM.Deploy.0 = Debug|Any CPU
		{4EEAD0F7-67DA-4192-9FDB-2A3B06CA5856}.Debug|iPhone.ActiveCfg = Debug|Any CPU
		{4EEAD0F7-67DA-4192-9FDB-2A3B06CA5856}.Debug|iPhone.Build.0 = Debug|Any CPU
		{4EEAD0F7-67DA-4192-9FDB-2A3B06CA5856}.Debug|iPhone.Deploy.0 = Debug|Any CPU
		{4EEAD0F7-67DA-4192-9FDB-2A3B06CA5856}.Debug|iPhoneSimulator.ActiveCfg = Debug|Any CPU
		{4EEAD0F7-67DA-4192-9FDB-2A3B06CA5856}.Debug|iPhoneSimulator.Build.0 = Debug|Any CPU
		{4EEAD0F7-67DA-4192-9FDB-2A3B06CA5856}.Debug|iPhoneSimulator.Deploy.0 = Debug|Any CPU
		{4EEAD0F7-67DA-4192-9FDB-2A3B06CA5856}.Debug|x64.ActiveCfg = Debug|Any CPU
		{4EEAD0F7-67DA-4192-9FDB-2A3B06CA5856}.Debug|x64.Build.0 = Debug|Any CPU
		{4EEAD0F7-67DA-4192-9FDB-2A3B06CA5856}.Debug|x64.Deploy.0 = Debug|Any CPU
		{4EEAD0F7-67DA-4192-9FDB-2A3B06CA5856}.Debug|x86.ActiveCfg = Debug|Any CPU
		{4EEAD0F7-67DA-4192-9FDB-2A3B06CA5856}.Debug|x86.Build.0 = Debug|Any CPU
		{4EEAD0F7-67DA-4192-9FDB-2A3B06CA5856}.Debug|x86.Deploy.0 = Debug|Any CPU
		{4EEAD0F7-67DA-4192-9FDB-2A3B06CA5856}.Release|Any CPU.ActiveCfg = Release|Any CPU
		{4EEAD0F7-67DA-4192-9FDB-2A3B06CA5856}.Release|Any CPU.Build.0 = Release|Any CPU
		{4EEAD0F7-67DA-4192-9FDB-2A3B06CA5856}.Release|Any CPU.Deploy.0 = Release|Any CPU
		{4EEAD0F7-67DA-4192-9FDB-2A3B06CA5856}.Release|ARM.ActiveCfg = Release|Any CPU
		{4EEAD0F7-67DA-4192-9FDB-2A3B06CA5856}.Release|ARM.Build.0 = Release|Any CPU
		{4EEAD0F7-67DA-4192-9FDB-2A3B06CA5856}.Release|ARM.Deploy.0 = Release|Any CPU
		{4EEAD0F7-67DA-4192-9FDB-2A3B06CA5856}.Release|iPhone.ActiveCfg = Release|Any CPU
		{4EEAD0F7-67DA-4192-9FDB-2A3B06CA5856}.Release|iPhone.Build.0 = Release|Any CPU
		{4EEAD0F7-67DA-4192-9FDB-2A3B06CA5856}.Release|iPhone.Deploy.0 = Release|Any CPU
		{4EEAD0F7-67DA-4192-9FDB-2A3B06CA5856}.Release|iPhoneSimulator.ActiveCfg = Release|Any CPU
		{4EEAD0F7-67DA-4192-9FDB-2A3B06CA5856}.Release|iPhoneSimulator.Build.0 = Release|Any CPU
		{4EEAD0F7-67DA-4192-9FDB-2A3B06CA5856}.Release|iPhoneSimulator.Deploy.0 = Release|Any CPU
		{4EEAD0F7-67DA-4192-9FDB-2A3B06CA5856}.Release|x64.ActiveCfg = Release|Any CPU
		{4EEAD0F7-67DA-4192-9FDB-2A3B06CA5856}.Release|x64.Build.0 = Release|Any CPU
		{4EEAD0F7-67DA-4192-9FDB-2A3B06CA5856}.Release|x64.Deploy.0 = Release|Any CPU
		{4EEAD0F7-67DA-4192-9FDB-2A3B06CA5856}.Release|x86.ActiveCfg = Release|Any CPU
		{4EEAD0F7-67DA-4192-9FDB-2A3B06CA5856}.Release|x86.Build.0 = Release|Any CPU
		{4EEAD0F7-67DA-4192-9FDB-2A3B06CA5856}.Release|x86.Deploy.0 = Release|Any CPU
		{8F960B20-9204-48B6-9703-567281F35380}.Debug|Any CPU.ActiveCfg = Debug|iPhoneSimulator
		{8F960B20-9204-48B6-9703-567281F35380}.Debug|Any CPU.Build.0 = Debug|iPhoneSimulator
		{8F960B20-9204-48B6-9703-567281F35380}.Debug|Any CPU.Deploy.0 = Debug|iPhoneSimulator
		{8F960B20-9204-48B6-9703-567281F35380}.Debug|ARM.ActiveCfg = Debug|iPhone
		{8F960B20-9204-48B6-9703-567281F35380}.Debug|ARM.Build.0 = Debug|iPhone
		{8F960B20-9204-48B6-9703-567281F35380}.Debug|ARM.Deploy.0 = Debug|iPhone
		{8F960B20-9204-48B6-9703-567281F35380}.Debug|iPhone.ActiveCfg = Debug|iPhone
		{8F960B20-9204-48B6-9703-567281F35380}.Debug|iPhone.Build.0 = Debug|iPhone
		{8F960B20-9204-48B6-9703-567281F35380}.Debug|iPhone.Deploy.0 = Debug|iPhone
		{8F960B20-9204-48B6-9703-567281F35380}.Debug|iPhoneSimulator.ActiveCfg = Debug|iPhoneSimulator
		{8F960B20-9204-48B6-9703-567281F35380}.Debug|iPhoneSimulator.Build.0 = Debug|iPhoneSimulator
		{8F960B20-9204-48B6-9703-567281F35380}.Debug|iPhoneSimulator.Deploy.0 = Debug|iPhoneSimulator
		{8F960B20-9204-48B6-9703-567281F35380}.Debug|x64.ActiveCfg = Debug|iPhoneSimulator
		{8F960B20-9204-48B6-9703-567281F35380}.Debug|x64.Build.0 = Debug|iPhoneSimulator
		{8F960B20-9204-48B6-9703-567281F35380}.Debug|x64.Deploy.0 = Debug|iPhoneSimulator
		{8F960B20-9204-48B6-9703-567281F35380}.Debug|x86.ActiveCfg = Debug|iPhoneSimulator
		{8F960B20-9204-48B6-9703-567281F35380}.Debug|x86.Build.0 = Debug|iPhoneSimulator
		{8F960B20-9204-48B6-9703-567281F35380}.Debug|x86.Deploy.0 = Debug|iPhoneSimulator
		{8F960B20-9204-48B6-9703-567281F35380}.Release|Any CPU.ActiveCfg = Release|iPhoneSimulator
		{8F960B20-9204-48B6-9703-567281F35380}.Release|Any CPU.Build.0 = Release|iPhoneSimulator
		{8F960B20-9204-48B6-9703-567281F35380}.Release|Any CPU.Deploy.0 = Release|iPhoneSimulator
		{8F960B20-9204-48B6-9703-567281F35380}.Release|ARM.ActiveCfg = Release|iPhoneSimulator
		{8F960B20-9204-48B6-9703-567281F35380}.Release|ARM.Build.0 = Release|iPhoneSimulator
		{8F960B20-9204-48B6-9703-567281F35380}.Release|ARM.Deploy.0 = Release|iPhoneSimulator
		{8F960B20-9204-48B6-9703-567281F35380}.Release|iPhone.ActiveCfg = Release|iPhone
		{8F960B20-9204-48B6-9703-567281F35380}.Release|iPhone.Build.0 = Release|iPhone
		{8F960B20-9204-48B6-9703-567281F35380}.Release|iPhone.Deploy.0 = Release|iPhone
		{8F960B20-9204-48B6-9703-567281F35380}.Release|iPhoneSimulator.ActiveCfg = Release|iPhoneSimulator
		{8F960B20-9204-48B6-9703-567281F35380}.Release|iPhoneSimulator.Build.0 = Release|iPhoneSimulator
		{8F960B20-9204-48B6-9703-567281F35380}.Release|iPhoneSimulator.Deploy.0 = Release|iPhoneSimulator
		{8F960B20-9204-48B6-9703-567281F35380}.Release|x64.ActiveCfg = Release|iPhoneSimulator
		{8F960B20-9204-48B6-9703-567281F35380}.Release|x64.Build.0 = Release|iPhoneSimulator
		{8F960B20-9204-48B6-9703-567281F35380}.Release|x64.Deploy.0 = Release|iPhoneSimulator
		{8F960B20-9204-48B6-9703-567281F35380}.Release|x86.ActiveCfg = Release|iPhoneSimulator
		{8F960B20-9204-48B6-9703-567281F35380}.Release|x86.Build.0 = Release|iPhoneSimulator
		{8F960B20-9204-48B6-9703-567281F35380}.Release|x86.Deploy.0 = Release|iPhoneSimulator
		{431354A8-00C6-4EF2-992B-355047BC7F19}.Debug|Any CPU.ActiveCfg = Debug|Any CPU
		{431354A8-00C6-4EF2-992B-355047BC7F19}.Debug|Any CPU.Build.0 = Debug|Any CPU
		{431354A8-00C6-4EF2-992B-355047BC7F19}.Debug|Any CPU.Deploy.0 = Debug|Any CPU
		{431354A8-00C6-4EF2-992B-355047BC7F19}.Debug|ARM.ActiveCfg = Debug|Any CPU
		{431354A8-00C6-4EF2-992B-355047BC7F19}.Debug|ARM.Build.0 = Debug|Any CPU
		{431354A8-00C6-4EF2-992B-355047BC7F19}.Debug|ARM.Deploy.0 = Debug|Any CPU
		{431354A8-00C6-4EF2-992B-355047BC7F19}.Debug|iPhone.ActiveCfg = Debug|Any CPU
		{431354A8-00C6-4EF2-992B-355047BC7F19}.Debug|iPhone.Build.0 = Debug|Any CPU
		{431354A8-00C6-4EF2-992B-355047BC7F19}.Debug|iPhone.Deploy.0 = Debug|Any CPU
		{431354A8-00C6-4EF2-992B-355047BC7F19}.Debug|iPhoneSimulator.ActiveCfg = Debug|Any CPU
		{431354A8-00C6-4EF2-992B-355047BC7F19}.Debug|iPhoneSimulator.Build.0 = Debug|Any CPU
		{431354A8-00C6-4EF2-992B-355047BC7F19}.Debug|iPhoneSimulator.Deploy.0 = Debug|Any CPU
		{431354A8-00C6-4EF2-992B-355047BC7F19}.Debug|x64.ActiveCfg = Debug|Any CPU
		{431354A8-00C6-4EF2-992B-355047BC7F19}.Debug|x64.Build.0 = Debug|Any CPU
		{431354A8-00C6-4EF2-992B-355047BC7F19}.Debug|x64.Deploy.0 = Debug|Any CPU
		{431354A8-00C6-4EF2-992B-355047BC7F19}.Debug|x86.ActiveCfg = Debug|Any CPU
		{431354A8-00C6-4EF2-992B-355047BC7F19}.Debug|x86.Build.0 = Debug|Any CPU
		{431354A8-00C6-4EF2-992B-355047BC7F19}.Debug|x86.Deploy.0 = Debug|Any CPU
		{431354A8-00C6-4EF2-992B-355047BC7F19}.Release|Any CPU.ActiveCfg = Release|Any CPU
		{431354A8-00C6-4EF2-992B-355047BC7F19}.Release|Any CPU.Build.0 = Release|Any CPU
		{431354A8-00C6-4EF2-992B-355047BC7F19}.Release|Any CPU.Deploy.0 = Release|Any CPU
		{431354A8-00C6-4EF2-992B-355047BC7F19}.Release|ARM.ActiveCfg = Release|Any CPU
		{431354A8-00C6-4EF2-992B-355047BC7F19}.Release|ARM.Build.0 = Release|Any CPU
		{431354A8-00C6-4EF2-992B-355047BC7F19}.Release|ARM.Deploy.0 = Release|Any CPU
		{431354A8-00C6-4EF2-992B-355047BC7F19}.Release|iPhone.ActiveCfg = Release|Any CPU
		{431354A8-00C6-4EF2-992B-355047BC7F19}.Release|iPhone.Build.0 = Release|Any CPU
		{431354A8-00C6-4EF2-992B-355047BC7F19}.Release|iPhone.Deploy.0 = Release|Any CPU
		{431354A8-00C6-4EF2-992B-355047BC7F19}.Release|iPhoneSimulator.ActiveCfg = Release|Any CPU
		{431354A8-00C6-4EF2-992B-355047BC7F19}.Release|iPhoneSimulator.Build.0 = Release|Any CPU
		{431354A8-00C6-4EF2-992B-355047BC7F19}.Release|iPhoneSimulator.Deploy.0 = Release|Any CPU
		{431354A8-00C6-4EF2-992B-355047BC7F19}.Release|x64.ActiveCfg = Release|Any CPU
		{431354A8-00C6-4EF2-992B-355047BC7F19}.Release|x64.Build.0 = Release|Any CPU
		{431354A8-00C6-4EF2-992B-355047BC7F19}.Release|x64.Deploy.0 = Release|Any CPU
		{431354A8-00C6-4EF2-992B-355047BC7F19}.Release|x86.ActiveCfg = Release|Any CPU
		{431354A8-00C6-4EF2-992B-355047BC7F19}.Release|x86.Build.0 = Release|Any CPU
		{431354A8-00C6-4EF2-992B-355047BC7F19}.Release|x86.Deploy.0 = Release|Any CPU
	EndGlobalSection
	GlobalSection(SolutionProperties) = preSolution
		HideSolutionNode = FALSE
	EndGlobalSection
	GlobalSection(ExtensibilityGlobals) = postSolution
		SolutionGuid = {19702CCC-25BA-43EE-ACEE-1F3D35DD3A01}
	EndGlobalSection
EndGlobal
